{
  "originHash" : "a5b56c1c714153ce5143f919bb9e47d6f318078388670764af06e75a33c90152",
  "pins" : [
    {
      "identity" : "mlx-swift",
      "kind" : "remoteSourceControl",
      "location" : "https://github.com/ml-explore/mlx-swift",
      "state" : {
        "revision" : "dc43e62d7055353c7f99fa071a4e71d29dfddc44",
        "version" : "0.31.4"
      }
    },
    {
      "identity" : "swift-numerics",
      "kind" : "remoteSourceControl",
      "location" : "https://github.com/apple/swift-numerics",
      "state" : {
        "revision" : "0c0290ff6b24942dadb83a929ffaaa1481df04a2",
        "version" : "1.1.1"
      }
    }
  ],
  "version" : 3
}
